# This file is automatically @generated by Cargo.
# It is not intended for manual editing.
[[package]]
name = "simple-rust-binary"
version = "0.1.0"
dependencies = [
 "simple-rust-library",
]

[[package]]
name = "simple-rust-library"
version = "0.1.0"
source = "git+https://github.com/JoshOrndorff/silly-rust-library?branch=master#c3a7044257901c8241547ad14c1741e68ea61fd3"
